
Microsoft Visual Studio Solution File, Format Version 12.00
# Visual Studio Version 16
VisualStudioVersion = 16.0.29911.84
MinimumVisualStudioVersion = 10.0.40219.1
Project("{2150E333-8FDC-42A3-9474-1A3956D46DE8}") = "Core", "Core", "{D6EE6D34-7BB1-4E4B-B0D8-B2DE0421B687}"
EndProject
Project("{9A19103F-16F7-4668-BE54-9A1E7A4F7556}") = "Commons", "Commons\Commons.csproj", "{0C7EA0AF-55AE-4B4D-9265-1062BAF87241}"
EndProject
Project("{9A19103F-16F7-4668-BE54-9A1E7A4F7556}") = "IdentityUtils.Core.Contracts", "IdentityUtils.Core.Contracts\IdentityUtils.Core.Contracts.csproj", "{2313F232-B15D-4FA9-9F75-575245944131}"
EndProject
Project("{9A19103F-16F7-4668-BE54-9A1E7A4F7556}") = "IdentityUtils.Core.Services", "IdentityUtils.Core.Services\IdentityUtils.Core.Services.csproj", "{BF1AA017-E68A-4CF1-B05E-15E06C9CA0FD}"
EndProject
Global
	GlobalSection(SolutionConfigurationPlatforms) = preSolution
		Debug|Any CPU = Debug|Any CPU
		Release|Any CPU = Release|Any CPU
	EndGlobalSection
	GlobalSection(ProjectConfigurationPlatforms) = postSolution
		{0C7EA0AF-55AE-4B4D-9265-1062BAF87241}.Debug|Any CPU.ActiveCfg = Debug|Any CPU
		{0C7EA0AF-55AE-4B4D-9265-1062BAF87241}.Debug|Any CPU.Build.0 = Debug|Any CPU
		{0C7EA0AF-55AE-4B4D-9265-1062BAF87241}.Release|Any CPU.ActiveCfg = Release|Any CPU
		{0C7EA0AF-55AE-4B4D-9265-1062BAF87241}.Release|Any CPU.Build.0 = Release|Any CPU
		{2313F232-B15D-4FA9-9F75-575245944131}.Debug|Any CPU.ActiveCfg = Debug|Any CPU
		{2313F232-B15D-4FA9-9F75-575245944131}.Debug|Any CPU.Build.0 = Debug|Any CPU
		{2313F232-B15D-4FA9-9F75-575245944131}.Release|Any CPU.ActiveCfg = Release|Any CPU
		{2313F232-B15D-4FA9-9F75-575245944131}.Release|Any CPU.Build.0 = Release|Any CPU
		{BF1AA017-E68A-4CF1-B05E-15E06C9CA0FD}.Debug|Any CPU.ActiveCfg = Debug|Any CPU
		{BF1AA017-E68A-4CF1-B05E-15E06C9CA0FD}.Debug|Any CPU.Build.0 = Debug|Any CPU
		{BF1AA017-E68A-4CF1-B05E-15E06C9CA0FD}.Release|Any CPU.ActiveCfg = Release|Any CPU
		{BF1AA017-E68A-4CF1-B05E-15E06C9CA0FD}.Release|Any CPU.Build.0 = Release|Any CPU
	EndGlobalSection
	GlobalSection(SolutionProperties) = preSolution
		HideSolutionNode = FALSE
	EndGlobalSection
	GlobalSection(NestedProjects) = preSolution
		{2313F232-B15D-4FA9-9F75-575245944131} = {D6EE6D34-7BB1-4E4B-B0D8-B2DE0421B687}
		{BF1AA017-E68A-4CF1-B05E-15E06C9CA0FD} = {D6EE6D34-7BB1-4E4B-B0D8-B2DE0421B687}
	EndGlobalSection
	GlobalSection(ExtensibilityGlobals) = postSolution
		SolutionGuid = {37ABF11B-08BA-4A66-9A8B-AA337179D9C7}
	EndGlobalSection
EndGlobal
