
Microsoft Visual Studio Solution File, Format Version 12.00
# Visual Studio Version 16
VisualStudioVersion = 16.0.29911.84
MinimumVisualStudioVersion = 10.0.40219.1
Project("{2150E333-8FDC-42A3-9474-1A3956D46DE8}") = "Core", "Core", "{D6EE6D34-7BB1-4E4B-B0D8-B2DE0421B687}"
EndProject
Project("{9A19103F-16F7-4668-BE54-9A1E7A4F7556}") = "IdentityUtils.Core.Contracts", "IdentityUtils.Core.Contracts\IdentityUtils.Core.Contracts.csproj", "{2313F232-B15D-4FA9-9F75-575245944131}"
EndProject
Project("{9A19103F-16F7-4668-BE54-9A1E7A4F7556}") = "IdentityUtils.Core.Services", "IdentityUtils.Core.Services\IdentityUtils.Core.Services.csproj", "{BF1AA017-E68A-4CF1-B05E-15E06C9CA0FD}"
EndProject
Project("{2150E333-8FDC-42A3-9474-1A3956D46DE8}") = "Api", "Api", "{C2EFC4D1-43DB-46C4-B44C-CEC9DF60DFC4}"
EndProject
Project("{9A19103F-16F7-4668-BE54-9A1E7A4F7556}") = "IdentityUtils.Api.Models", "IdentityUtils.Api.Models\IdentityUtils.Api.Models.csproj", "{F8DFE6DB-85B8-42A8-B1D5-66ACAFCCF2DC}"
EndProject
Project("{9A19103F-16F7-4668-BE54-9A1E7A4F7556}") = "IdentityUtils.Api.Controllers", "IdentityUtils.Api.Controllers\IdentityUtils.Api.Controllers.csproj", "{F82BDBA4-BACE-416E-A07F-2FE7D57CFBBA}"
EndProject
Project("{9A19103F-16F7-4668-BE54-9A1E7A4F7556}") = "IdentityUtils.Commons", "IdentityUtils.Commons\IdentityUtils.Commons.csproj", "{B1A3283E-EB92-461E-8BE3-A83770D8D8A5}"
EndProject
Project("{2150E333-8FDC-42A3-9474-1A3956D46DE8}") = "Api.Extensions", "Api.Extensions", "{C673DA94-0D2E-47D9-8C30-BE9C350E3EDE}"
EndProject
Project("{9A19103F-16F7-4668-BE54-9A1E7A4F7556}") = "IdentityUtils.Api.Extensions", "IdentityUtils.Api.Extensions\IdentityUtils.Api.Extensions.csproj", "{9408529D-9A33-4642-8B90-F5E05A54A1AC}"
EndProject
Project("{9A19103F-16F7-4668-BE54-9A1E7A4F7556}") = "IdentityUtils.Api.Extensions.Cli", "IdentityUtils.Api.Extensions.Cli\IdentityUtils.Api.Extensions.Cli.csproj", "{796F2ED6-9292-48A0-B850-9814CB3757E5}"
EndProject
Project("{2150E333-8FDC-42A3-9474-1A3956D46DE8}") = "IS4", "IS4", "{FCB6F245-E56B-439D-B2B1-202934245FB7}"
EndProject
Project("{9A19103F-16F7-4668-BE54-9A1E7A4F7556}") = "IdentityUtils.IS4Extensions", "IdentityUtils.IS4Extensions\IdentityUtils.IS4Extensions.csproj", "{1CE070FB-E1CD-4E85-9827-E462B3429766}"
EndProject
Project("{2150E333-8FDC-42A3-9474-1A3956D46DE8}") = "Demos", "Demos", "{B3032E9A-8A85-4A73-B297-D59FE4B20366}"
EndProject
Project("{9A19103F-16F7-4668-BE54-9A1E7A4F7556}") = "IdentityUtils.Demos.IdentityServer4.MultiTenant", "IdentityUtils.Demos.IdentityServer4.MultiTenant\IdentityUtils.Demos.IdentityServer4.MultiTenant.csproj", "{61027A5B-C33A-4DEC-B9FE-CD20EC1615AF}"
EndProject
Project("{9A19103F-16F7-4668-BE54-9A1E7A4F7556}") = "IdentityUtils.Demos.Api", "IdentityUtils.Demos.Api\IdentityUtils.Demos.Api.csproj", "{AD0E0220-8F8D-43D2-AE8A-98F3F5967951}"
EndProject
Project("{9A19103F-16F7-4668-BE54-9A1E7A4F7556}") = "IdentityUtils.Demos.Client", "IdentityUtils.Demos.Client\IdentityUtils.Demos.Client.csproj", "{48CB57BD-D9E1-43D1-8BD5-F1322294E247}"
EndProject
Project("{9A19103F-16F7-4668-BE54-9A1E7A4F7556}") = "IdentityUtils.Core.Services.Tests", "IdentityUtils.Core.Services.Tests\IdentityUtils.Core.Services.Tests.csproj", "{64833E5A-42A8-45D8-8E1E-71F7B25A731E}"
EndProject
Project("{9A19103F-16F7-4668-BE54-9A1E7A4F7556}") = "IdentityUtils.Demos.IdentityServer4.Tests", "IdentityUtils.Demos.IdentityServer4.Tests\IdentityUtils.Demos.IdentityServer4.Tests.csproj", "{7DB814B4-0756-45FD-9B32-FB0E0872EBA3}"
EndProject
Project("{9A19103F-16F7-4668-BE54-9A1E7A4F7556}") = "IdentityUtils.Demos.IdentityServer4.SingleTenant", "IdentityUtils.Demos.IdentityServer4.SingleTenant\IdentityUtils.Demos.IdentityServer4.SingleTenant.csproj", "{9030C206-307E-4436-9607-8CF66D6F90F7}"
EndProject
Project("{9A19103F-16F7-4668-BE54-9A1E7A4F7556}") = "IdentityUtils.Api.Controllers.Authentication", "IdentityUtils.Api.Controllers.Auth\IdentityUtils.Api.Controllers.Authentication.csproj", "{D63BA83B-330D-471B-BBF0-B836ABC8A7BA}"
EndProject
Project("{FAE04EC0-301F-11D3-BF4B-00C04F79EFBC}") = "Intellegens.Tests.Commons", "Intellegens.Tests.Commons\Intellegens.Tests.Commons.csproj", "{2D4D9C14-1C42-4260-A8FC-DF841D117418}"
EndProject
Global
	GlobalSection(SolutionConfigurationPlatforms) = preSolution
		Debug|Any CPU = Debug|Any CPU
		Release|Any CPU = Release|Any CPU
	EndGlobalSection
	GlobalSection(ProjectConfigurationPlatforms) = postSolution
		{2313F232-B15D-4FA9-9F75-575245944131}.Debug|Any CPU.ActiveCfg = Debug|Any CPU
		{2313F232-B15D-4FA9-9F75-575245944131}.Debug|Any CPU.Build.0 = Debug|Any CPU
		{2313F232-B15D-4FA9-9F75-575245944131}.Release|Any CPU.ActiveCfg = Release|Any CPU
		{2313F232-B15D-4FA9-9F75-575245944131}.Release|Any CPU.Build.0 = Release|Any CPU
		{BF1AA017-E68A-4CF1-B05E-15E06C9CA0FD}.Debug|Any CPU.ActiveCfg = Debug|Any CPU
		{BF1AA017-E68A-4CF1-B05E-15E06C9CA0FD}.Debug|Any CPU.Build.0 = Debug|Any CPU
		{BF1AA017-E68A-4CF1-B05E-15E06C9CA0FD}.Release|Any CPU.ActiveCfg = Release|Any CPU
		{BF1AA017-E68A-4CF1-B05E-15E06C9CA0FD}.Release|Any CPU.Build.0 = Release|Any CPU
		{F8DFE6DB-85B8-42A8-B1D5-66ACAFCCF2DC}.Debug|Any CPU.ActiveCfg = Debug|Any CPU
		{F8DFE6DB-85B8-42A8-B1D5-66ACAFCCF2DC}.Debug|Any CPU.Build.0 = Debug|Any CPU
		{F8DFE6DB-85B8-42A8-B1D5-66ACAFCCF2DC}.Release|Any CPU.ActiveCfg = Release|Any CPU
		{F8DFE6DB-85B8-42A8-B1D5-66ACAFCCF2DC}.Release|Any CPU.Build.0 = Release|Any CPU
		{F82BDBA4-BACE-416E-A07F-2FE7D57CFBBA}.Debug|Any CPU.ActiveCfg = Debug|Any CPU
		{F82BDBA4-BACE-416E-A07F-2FE7D57CFBBA}.Debug|Any CPU.Build.0 = Debug|Any CPU
		{F82BDBA4-BACE-416E-A07F-2FE7D57CFBBA}.Release|Any CPU.ActiveCfg = Release|Any CPU
		{F82BDBA4-BACE-416E-A07F-2FE7D57CFBBA}.Release|Any CPU.Build.0 = Release|Any CPU
		{B1A3283E-EB92-461E-8BE3-A83770D8D8A5}.Debug|Any CPU.ActiveCfg = Debug|Any CPU
		{B1A3283E-EB92-461E-8BE3-A83770D8D8A5}.Debug|Any CPU.Build.0 = Debug|Any CPU
		{B1A3283E-EB92-461E-8BE3-A83770D8D8A5}.Release|Any CPU.ActiveCfg = Release|Any CPU
		{B1A3283E-EB92-461E-8BE3-A83770D8D8A5}.Release|Any CPU.Build.0 = Release|Any CPU
		{9408529D-9A33-4642-8B90-F5E05A54A1AC}.Debug|Any CPU.ActiveCfg = Debug|Any CPU
		{9408529D-9A33-4642-8B90-F5E05A54A1AC}.Debug|Any CPU.Build.0 = Debug|Any CPU
		{9408529D-9A33-4642-8B90-F5E05A54A1AC}.Release|Any CPU.ActiveCfg = Release|Any CPU
		{9408529D-9A33-4642-8B90-F5E05A54A1AC}.Release|Any CPU.Build.0 = Release|Any CPU
		{796F2ED6-9292-48A0-B850-9814CB3757E5}.Debug|Any CPU.ActiveCfg = Debug|Any CPU
		{796F2ED6-9292-48A0-B850-9814CB3757E5}.Debug|Any CPU.Build.0 = Debug|Any CPU
		{796F2ED6-9292-48A0-B850-9814CB3757E5}.Release|Any CPU.ActiveCfg = Release|Any CPU
		{796F2ED6-9292-48A0-B850-9814CB3757E5}.Release|Any CPU.Build.0 = Release|Any CPU
		{1CE070FB-E1CD-4E85-9827-E462B3429766}.Debug|Any CPU.ActiveCfg = Debug|Any CPU
		{1CE070FB-E1CD-4E85-9827-E462B3429766}.Debug|Any CPU.Build.0 = Debug|Any CPU
		{1CE070FB-E1CD-4E85-9827-E462B3429766}.Release|Any CPU.ActiveCfg = Release|Any CPU
		{1CE070FB-E1CD-4E85-9827-E462B3429766}.Release|Any CPU.Build.0 = Release|Any CPU
		{61027A5B-C33A-4DEC-B9FE-CD20EC1615AF}.Debug|Any CPU.ActiveCfg = Debug|Any CPU
		{61027A5B-C33A-4DEC-B9FE-CD20EC1615AF}.Debug|Any CPU.Build.0 = Debug|Any CPU
		{61027A5B-C33A-4DEC-B9FE-CD20EC1615AF}.Release|Any CPU.ActiveCfg = Release|Any CPU
		{61027A5B-C33A-4DEC-B9FE-CD20EC1615AF}.Release|Any CPU.Build.0 = Release|Any CPU
		{AD0E0220-8F8D-43D2-AE8A-98F3F5967951}.Debug|Any CPU.ActiveCfg = Debug|Any CPU
		{AD0E0220-8F8D-43D2-AE8A-98F3F5967951}.Debug|Any CPU.Build.0 = Debug|Any CPU
		{AD0E0220-8F8D-43D2-AE8A-98F3F5967951}.Release|Any CPU.ActiveCfg = Release|Any CPU
		{AD0E0220-8F8D-43D2-AE8A-98F3F5967951}.Release|Any CPU.Build.0 = Release|Any CPU
		{48CB57BD-D9E1-43D1-8BD5-F1322294E247}.Debug|Any CPU.ActiveCfg = Debug|Any CPU
		{48CB57BD-D9E1-43D1-8BD5-F1322294E247}.Debug|Any CPU.Build.0 = Debug|Any CPU
		{48CB57BD-D9E1-43D1-8BD5-F1322294E247}.Release|Any CPU.ActiveCfg = Release|Any CPU
		{48CB57BD-D9E1-43D1-8BD5-F1322294E247}.Release|Any CPU.Build.0 = Release|Any CPU
		{64833E5A-42A8-45D8-8E1E-71F7B25A731E}.Debug|Any CPU.ActiveCfg = Debug|Any CPU
		{64833E5A-42A8-45D8-8E1E-71F7B25A731E}.Debug|Any CPU.Build.0 = Debug|Any CPU
		{64833E5A-42A8-45D8-8E1E-71F7B25A731E}.Release|Any CPU.ActiveCfg = Release|Any CPU
		{64833E5A-42A8-45D8-8E1E-71F7B25A731E}.Release|Any CPU.Build.0 = Release|Any CPU
		{7DB814B4-0756-45FD-9B32-FB0E0872EBA3}.Debug|Any CPU.ActiveCfg = Debug|Any CPU
		{7DB814B4-0756-45FD-9B32-FB0E0872EBA3}.Debug|Any CPU.Build.0 = Debug|Any CPU
		{7DB814B4-0756-45FD-9B32-FB0E0872EBA3}.Release|Any CPU.ActiveCfg = Release|Any CPU
		{7DB814B4-0756-45FD-9B32-FB0E0872EBA3}.Release|Any CPU.Build.0 = Release|Any CPU
		{9030C206-307E-4436-9607-8CF66D6F90F7}.Debug|Any CPU.ActiveCfg = Debug|Any CPU
		{9030C206-307E-4436-9607-8CF66D6F90F7}.Debug|Any CPU.Build.0 = Debug|Any CPU
		{9030C206-307E-4436-9607-8CF66D6F90F7}.Release|Any CPU.ActiveCfg = Release|Any CPU
		{9030C206-307E-4436-9607-8CF66D6F90F7}.Release|Any CPU.Build.0 = Release|Any CPU
		{D63BA83B-330D-471B-BBF0-B836ABC8A7BA}.Debug|Any CPU.ActiveCfg = Debug|Any CPU
		{D63BA83B-330D-471B-BBF0-B836ABC8A7BA}.Debug|Any CPU.Build.0 = Debug|Any CPU
		{D63BA83B-330D-471B-BBF0-B836ABC8A7BA}.Release|Any CPU.ActiveCfg = Release|Any CPU
		{D63BA83B-330D-471B-BBF0-B836ABC8A7BA}.Release|Any CPU.Build.0 = Release|Any CPU
		{2D4D9C14-1C42-4260-A8FC-DF841D117418}.Debug|Any CPU.ActiveCfg = Debug|Any CPU
		{2D4D9C14-1C42-4260-A8FC-DF841D117418}.Debug|Any CPU.Build.0 = Debug|Any CPU
		{2D4D9C14-1C42-4260-A8FC-DF841D117418}.Release|Any CPU.ActiveCfg = Release|Any CPU
		{2D4D9C14-1C42-4260-A8FC-DF841D117418}.Release|Any CPU.Build.0 = Release|Any CPU
	EndGlobalSection
	GlobalSection(SolutionProperties) = preSolution
		HideSolutionNode = FALSE
	EndGlobalSection
	GlobalSection(NestedProjects) = preSolution
		{2313F232-B15D-4FA9-9F75-575245944131} = {D6EE6D34-7BB1-4E4B-B0D8-B2DE0421B687}
		{BF1AA017-E68A-4CF1-B05E-15E06C9CA0FD} = {D6EE6D34-7BB1-4E4B-B0D8-B2DE0421B687}
		{F8DFE6DB-85B8-42A8-B1D5-66ACAFCCF2DC} = {C2EFC4D1-43DB-46C4-B44C-CEC9DF60DFC4}
		{F82BDBA4-BACE-416E-A07F-2FE7D57CFBBA} = {C2EFC4D1-43DB-46C4-B44C-CEC9DF60DFC4}
		{9408529D-9A33-4642-8B90-F5E05A54A1AC} = {C673DA94-0D2E-47D9-8C30-BE9C350E3EDE}
		{796F2ED6-9292-48A0-B850-9814CB3757E5} = {C673DA94-0D2E-47D9-8C30-BE9C350E3EDE}
		{1CE070FB-E1CD-4E85-9827-E462B3429766} = {FCB6F245-E56B-439D-B2B1-202934245FB7}
		{61027A5B-C33A-4DEC-B9FE-CD20EC1615AF} = {B3032E9A-8A85-4A73-B297-D59FE4B20366}
		{AD0E0220-8F8D-43D2-AE8A-98F3F5967951} = {B3032E9A-8A85-4A73-B297-D59FE4B20366}
		{48CB57BD-D9E1-43D1-8BD5-F1322294E247} = {B3032E9A-8A85-4A73-B297-D59FE4B20366}
		{64833E5A-42A8-45D8-8E1E-71F7B25A731E} = {D6EE6D34-7BB1-4E4B-B0D8-B2DE0421B687}
		{7DB814B4-0756-45FD-9B32-FB0E0872EBA3} = {B3032E9A-8A85-4A73-B297-D59FE4B20366}
		{9030C206-307E-4436-9607-8CF66D6F90F7} = {B3032E9A-8A85-4A73-B297-D59FE4B20366}
		{D63BA83B-330D-471B-BBF0-B836ABC8A7BA} = {C2EFC4D1-43DB-46C4-B44C-CEC9DF60DFC4}
	EndGlobalSection
	GlobalSection(ExtensibilityGlobals) = postSolution
		SolutionGuid = {37ABF11B-08BA-4A66-9A8B-AA337179D9C7}
	EndGlobalSection
EndGlobal
